
Microsoft Visual Studio Solution File, Format Version 12.00
# Visual Studio Version 16
VisualStudioVersion = 16.0.29519.87
MinimumVisualStudioVersion = 10.0.40219.1
Project("{9092AA53-FB77-4645-B42D-1CCCA6BD08BD}") = "COMP2068 Lab 1", "COMP2068 Lab 1\COMP2068 Lab 1.njsproj", "{48C7CEBF-3CC0-43B9-A47A-5AAD444823FB}"
EndProject
Global
	GlobalSection(SolutionConfigurationPlatforms) = preSolution
		Debug|Any CPU = Debug|Any CPU
		Release|Any CPU = Release|Any CPU
	EndGlobalSection
	GlobalSection(ProjectConfigurationPlatforms) = postSolution
		{48C7CEBF-3CC0-43B9-A47A-5AAD444823FB}.Debug|Any CPU.ActiveCfg = Debug|Any CPU
		{48C7CEBF-3CC0-43B9-A47A-5AAD444823FB}.Debug|Any CPU.Build.0 = Debug|Any CPU
		{48C7CEBF-3CC0-43B9-A47A-5AAD444823FB}.Release|Any CPU.ActiveCfg = Release|Any CPU
		{48C7CEBF-3CC0-43B9-A47A-5AAD444823FB}.Release|Any CPU.Build.0 = Release|Any CPU
	EndGlobalSection
	GlobalSection(SolutionProperties) = preSolution
		HideSolutionNode = FALSE
	EndGlobalSection
	GlobalSection(ExtensibilityGlobals) = postSolution
		SolutionGuid = {CCA985AB-493D-4485-B037-3B6344831375}
	EndGlobalSection
EndGlobal
